
Microsoft Visual Studio Solution File, Format Version 12.00
Project("{2150E333-8FDC-42A3-9474-1A3956D46DE8}") = "Recruiting", "Recruiting", "{DA593195-4318-4870-BFFD-37FC38656F98}"
EndProject
Project("{2150E333-8FDC-42A3-9474-1A3956D46DE8}") = "OnBoarding", "OnBoarding", "{8AC4572A-F03B-4439-B5A6-9B4FDD9025F6}"
EndProject
Project("{2150E333-8FDC-42A3-9474-1A3956D46DE8}") = "Authentication", "Authentication", "{55E754E4-4350-43B9-8FB7-162978BA4ECE}"
EndProject
Project("{2150E333-8FDC-42A3-9474-1A3956D46DE8}") = "Interviews", "Interviews", "{E8BD7C38-3F6D-42C3-9388-F4DE4BAB4CA4}"
EndProject
Project("{FAE04EC0-301F-11D3-BF4B-00C04F79EFBC}") = "RecruitingWeb", "Services\Recruiting\RecruitingWeb\RecruitingWeb.csproj", "{CB1937EF-3CBC-423A-8B23-8F4D665ED570}"
EndProject
Project("{FAE04EC0-301F-11D3-BF4B-00C04F79EFBC}") = "ApplicationCore", "Services\Recruiting\ApplicationCore\ApplicationCore.csproj", "{97928095-FB79-49E4-ADF2-AEEA81408FC7}"
EndProject
Project("{FAE04EC0-301F-11D3-BF4B-00C04F79EFBC}") = "Infrastructure", "Services\Recruiting\Infrastructure\Infrastructure.csproj", "{BEA81C04-85F0-4235-9D6A-3BC3FE4E5CBD}"
EndProject
Project("{FAE04EC0-301F-11D3-BF4B-00C04F79EFBC}") = "Recruiting.API", "Services\Recruiting\Recruiting.API\Recruiting.API.csproj", "{01F8E68F-020E-4DFE-8757-EF73190519F4}"
EndProject
Project("{FAE04EC0-301F-11D3-BF4B-00C04F79EFBC}") = "OnBoarding.ApplicationCore", "Services\OnBoarding\OnBoarding.ApplicationCore\OnBoarding.ApplicationCore.csproj", "{729E8FC1-A381-4454-A1BE-36BC937B8B8A}"
EndProject
Project("{FAE04EC0-301F-11D3-BF4B-00C04F79EFBC}") = "OnBoarding.API", "Services\OnBoarding\OnBoarding.API\OnBoarding.API.csproj", "{2AA85E93-0FEB-4FC7-920B-ABD1471A3A65}"
EndProject
Project("{FAE04EC0-301F-11D3-BF4B-00C04F79EFBC}") = "Interviews.ApplicationCore", "Services\Interviews\Interviews.ApplicationCore\Interviews.ApplicationCore.csproj", "{35825276-01FC-411A-84AD-D41530124345}"
EndProject
Project("{FAE04EC0-301F-11D3-BF4B-00C04F79EFBC}") = "Interviews.API", "Services\Interviews\Interviews.API\Interviews.API.csproj", "{18379351-2F96-47D5-A0F9-8CE094ADEA66}"
EndProject
Project("{FAE04EC0-301F-11D3-BF4B-00C04F79EFBC}") = "Authentication.API", "Services\Authentication\Authentication.API\Authentication.API.csproj", "{39685859-C03E-4395-BB9E-CA143AD51F98}"
EndProject
Project("{FAE04EC0-301F-11D3-BF4B-00C04F79EFBC}") = "OnBoarding.Infrastructure", "Services\OnBoarding\OnBoarding.Infrastructure\OnBoarding.Infrastructure.csproj", "{14B5C881-EFDE-4C51-AA87-8E4FE8079238}"
EndProject
Project("{FAE04EC0-301F-11D3-BF4B-00C04F79EFBC}") = "Interviews.Infrastructure", "Services\Interviews\Interviews.Infrastructure\Interviews.Infrastructure.csproj", "{49B46E13-1D57-49D0-B093-4958C469C5D9}"
EndProject
Global
	GlobalSection(SolutionConfigurationPlatforms) = preSolution
		Debug|Any CPU = Debug|Any CPU
		Release|Any CPU = Release|Any CPU
	EndGlobalSection
	GlobalSection(NestedProjects) = preSolution
		{CB1937EF-3CBC-423A-8B23-8F4D665ED570} = {DA593195-4318-4870-BFFD-37FC38656F98}
		{97928095-FB79-49E4-ADF2-AEEA81408FC7} = {DA593195-4318-4870-BFFD-37FC38656F98}
		{BEA81C04-85F0-4235-9D6A-3BC3FE4E5CBD} = {DA593195-4318-4870-BFFD-37FC38656F98}
		{01F8E68F-020E-4DFE-8757-EF73190519F4} = {DA593195-4318-4870-BFFD-37FC38656F98}
		{729E8FC1-A381-4454-A1BE-36BC937B8B8A} = {8AC4572A-F03B-4439-B5A6-9B4FDD9025F6}
		{2AA85E93-0FEB-4FC7-920B-ABD1471A3A65} = {8AC4572A-F03B-4439-B5A6-9B4FDD9025F6}
		{35825276-01FC-411A-84AD-D41530124345} = {E8BD7C38-3F6D-42C3-9388-F4DE4BAB4CA4}
		{18379351-2F96-47D5-A0F9-8CE094ADEA66} = {E8BD7C38-3F6D-42C3-9388-F4DE4BAB4CA4}
		{39685859-C03E-4395-BB9E-CA143AD51F98} = {55E754E4-4350-43B9-8FB7-162978BA4ECE}
		{14B5C881-EFDE-4C51-AA87-8E4FE8079238} = {8AC4572A-F03B-4439-B5A6-9B4FDD9025F6}
		{49B46E13-1D57-49D0-B093-4958C469C5D9} = {E8BD7C38-3F6D-42C3-9388-F4DE4BAB4CA4}
	EndGlobalSection
	GlobalSection(ProjectConfigurationPlatforms) = postSolution
		{CB1937EF-3CBC-423A-8B23-8F4D665ED570}.Debug|Any CPU.ActiveCfg = Debug|Any CPU
		{CB1937EF-3CBC-423A-8B23-8F4D665ED570}.Debug|Any CPU.Build.0 = Debug|Any CPU
		{CB1937EF-3CBC-423A-8B23-8F4D665ED570}.Release|Any CPU.ActiveCfg = Release|Any CPU
		{CB1937EF-3CBC-423A-8B23-8F4D665ED570}.Release|Any CPU.Build.0 = Release|Any CPU
		{97928095-FB79-49E4-ADF2-AEEA81408FC7}.Debug|Any CPU.ActiveCfg = Debug|Any CPU
		{97928095-FB79-49E4-ADF2-AEEA81408FC7}.Debug|Any CPU.Build.0 = Debug|Any CPU
		{97928095-FB79-49E4-ADF2-AEEA81408FC7}.Release|Any CPU.ActiveCfg = Release|Any CPU
		{97928095-FB79-49E4-ADF2-AEEA81408FC7}.Release|Any CPU.Build.0 = Release|Any CPU
		{BEA81C04-85F0-4235-9D6A-3BC3FE4E5CBD}.Debug|Any CPU.ActiveCfg = Debug|Any CPU
		{BEA81C04-85F0-4235-9D6A-3BC3FE4E5CBD}.Debug|Any CPU.Build.0 = Debug|Any CPU
		{BEA81C04-85F0-4235-9D6A-3BC3FE4E5CBD}.Release|Any CPU.ActiveCfg = Release|Any CPU
		{BEA81C04-85F0-4235-9D6A-3BC3FE4E5CBD}.Release|Any CPU.Build.0 = Release|Any CPU
		{01F8E68F-020E-4DFE-8757-EF73190519F4}.Debug|Any CPU.ActiveCfg = Debug|Any CPU
		{01F8E68F-020E-4DFE-8757-EF73190519F4}.Debug|Any CPU.Build.0 = Debug|Any CPU
		{01F8E68F-020E-4DFE-8757-EF73190519F4}.Release|Any CPU.ActiveCfg = Release|Any CPU
		{01F8E68F-020E-4DFE-8757-EF73190519F4}.Release|Any CPU.Build.0 = Release|Any CPU
		{729E8FC1-A381-4454-A1BE-36BC937B8B8A}.Debug|Any CPU.ActiveCfg = Debug|Any CPU
		{729E8FC1-A381-4454-A1BE-36BC937B8B8A}.Debug|Any CPU.Build.0 = Debug|Any CPU
		{729E8FC1-A381-4454-A1BE-36BC937B8B8A}.Release|Any CPU.ActiveCfg = Release|Any CPU
		{729E8FC1-A381-4454-A1BE-36BC937B8B8A}.Release|Any CPU.Build.0 = Release|Any CPU
		{2AA85E93-0FEB-4FC7-920B-ABD1471A3A65}.Debug|Any CPU.ActiveCfg = Debug|Any CPU
		{2AA85E93-0FEB-4FC7-920B-ABD1471A3A65}.Debug|Any CPU.Build.0 = Debug|Any CPU
		{2AA85E93-0FEB-4FC7-920B-ABD1471A3A65}.Release|Any CPU.ActiveCfg = Release|Any CPU
		{2AA85E93-0FEB-4FC7-920B-ABD1471A3A65}.Release|Any CPU.Build.0 = Release|Any CPU
		{35825276-01FC-411A-84AD-D41530124345}.Debug|Any CPU.ActiveCfg = Debug|Any CPU
		{35825276-01FC-411A-84AD-D41530124345}.Debug|Any CPU.Build.0 = Debug|Any CPU
		{35825276-01FC-411A-84AD-D41530124345}.Release|Any CPU.ActiveCfg = Release|Any CPU
		{35825276-01FC-411A-84AD-D41530124345}.Release|Any CPU.Build.0 = Release|Any CPU
		{18379351-2F96-47D5-A0F9-8CE094ADEA66}.Debug|Any CPU.ActiveCfg = Debug|Any CPU
		{18379351-2F96-47D5-A0F9-8CE094ADEA66}.Debug|Any CPU.Build.0 = Debug|Any CPU
		{18379351-2F96-47D5-A0F9-8CE094ADEA66}.Release|Any CPU.ActiveCfg = Release|Any CPU
		{18379351-2F96-47D5-A0F9-8CE094ADEA66}.Release|Any CPU.Build.0 = Release|Any CPU
		{39685859-C03E-4395-BB9E-CA143AD51F98}.Debug|Any CPU.ActiveCfg = Debug|Any CPU
		{39685859-C03E-4395-BB9E-CA143AD51F98}.Debug|Any CPU.Build.0 = Debug|Any CPU
		{39685859-C03E-4395-BB9E-CA143AD51F98}.Release|Any CPU.ActiveCfg = Release|Any CPU
		{39685859-C03E-4395-BB9E-CA143AD51F98}.Release|Any CPU.Build.0 = Release|Any CPU
		{14B5C881-EFDE-4C51-AA87-8E4FE8079238}.Debug|Any CPU.ActiveCfg = Debug|Any CPU
		{14B5C881-EFDE-4C51-AA87-8E4FE8079238}.Debug|Any CPU.Build.0 = Debug|Any CPU
		{14B5C881-EFDE-4C51-AA87-8E4FE8079238}.Release|Any CPU.ActiveCfg = Release|Any CPU
		{14B5C881-EFDE-4C51-AA87-8E4FE8079238}.Release|Any CPU.Build.0 = Release|Any CPU
		{49B46E13-1D57-49D0-B093-4958C469C5D9}.Debug|Any CPU.ActiveCfg = Debug|Any CPU
		{49B46E13-1D57-49D0-B093-4958C469C5D9}.Debug|Any CPU.Build.0 = Debug|Any CPU
		{49B46E13-1D57-49D0-B093-4958C469C5D9}.Release|Any CPU.ActiveCfg = Release|Any CPU
		{49B46E13-1D57-49D0-B093-4958C469C5D9}.Release|Any CPU.Build.0 = Release|Any CPU
	EndGlobalSection
EndGlobal
